
Microsoft Visual Studio Solution File, Format Version 12.00
# Visual Studio 2017
Project("{FAE04EC0-301F-11D3-BF4B-00C04F79EFBC}") = "Whatever", "Whatever.csproj", "{11D8F9F8-1DB4-87E8-DFC6-52044A881390}"
EndProject
Project("{FAE04EC0-301F-11D3-BF4B-00C04F79EFBC}") = "Whatever", "Whatever.csproj", "{11D8F9F8-1DB4-87E8-DFC6-52044A881390}"
EndProject
Project("{FAE04EC0-301F-11D3-BF4B-00C04F79EFBC}") = "Whatever", "Whatever.csproj", "{11D8F9F8-1DB4-87E8-DFC6-52044A881390}"
EndProject
Project("{FAE04EC0-301F-11D3-BF4B-00C04F79EFBC}") = "Whatever", "Whatever.csproj", "{11D8F9F8-1DB4-87E8-DFC6-52044A881390}"
EndProject
Project("{FAE04EC0-301F-11D3-BF4B-00C04F79EFBC}") = "Whatever", "Whatever.csproj", "{11D8F9F8-1DB4-87E8-DFC6-52044A881390}"
EndProject
Project("{FAE04EC0-301F-11D3-BF4B-00C04F79EFBC}") = "Whatever", "Whatever.csproj", "{11D8F9F8-1DB4-87E8-DFC6-52044A881390}"
EndProject
Project("{FAE04EC0-301F-11D3-BF4B-00C04F79EFBC}") = "Whatever", "Whatever.csproj", "{11D8F9F8-1DB4-87E8-DFC6-52044A881390}"
EndProject
Project("{FAE04EC0-301F-11D3-BF4B-00C04F79EFBC}") = "Whatever", "Whatever.csproj", "{11D8F9F8-1DB4-87E8-DFC6-52044A881390}"
EndProject
Project("{FAE04EC0-301F-11D3-BF4B-00C04F79EFBC}") = "Whatever", "Whatever.csproj", "{11D8F9F8-1DB4-87E8-DFC6-52044A881390}"
EndProject
Project("{FAE04EC0-301F-11D3-BF4B-00C04F79EFBC}") = "Whatever", "Whatever.csproj", "{11D8F9F8-1DB4-87E8-DFC6-52044A881390}"
EndProject
Project("{FAE04EC0-301F-11D3-BF4B-00C04F79EFBC}") = "Whatever", "Whatever.csproj", "{11D8F9F8-1DB4-87E8-DFC6-52044A881390}"
EndProject
Project("{FAE04EC0-301F-11D3-BF4B-00C04F79EFBC}") = "Whatever", "Whatever.csproj", "{11D8F9F8-1DB4-87E8-DFC6-52044A881390}"
EndProject
Project("{FAE04EC0-301F-11D3-BF4B-00C04F79EFBC}") = "Whatever", "Whatever.csproj", "{11D8F9F8-1DB4-87E8-DFC6-52044A881390}"
EndProject
Project("{FAE04EC0-301F-11D3-BF4B-00C04F79EFBC}") = "Whatever", "Whatever.csproj", "{11D8F9F8-1DB4-87E8-DFC6-52044A881390}"
EndProject
Project("{FAE04EC0-301F-11D3-BF4B-00C04F79EFBC}") = "Whatever", "Whatever.csproj", "{11D8F9F8-1DB4-87E8-DFC6-52044A881390}"
EndProject
Project("{FAE04EC0-301F-11D3-BF4B-00C04F79EFBC}") = "Whatever", "Whatever.csproj", "{11D8F9F8-1DB4-87E8-DFC6-52044A881390}"
EndProject
Project("{FAE04EC0-301F-11D3-BF4B-00C04F79EFBC}") = "Whatever", "Whatever.csproj", "{11D8F9F8-1DB4-87E8-DFC6-52044A881390}"
EndProject
Project("{FAE04EC0-301F-11D3-BF4B-00C04F79EFBC}") = "Whatever", "Whatever.csproj", "{11D8F9F8-1DB4-87E8-DFC6-52044A881390}"
EndProject
Project("{FAE04EC0-301F-11D3-BF4B-00C04F79EFBC}") = "Whatever.Editor", "Whatever.Editor.csproj", "{1A263393-8A8A-1510-9106-0EF4A87F3ADB}"
EndProject
Project("{FAE04EC0-301F-11D3-BF4B-00C04F79EFBC}") = "Whatever.Editor", "Whatever.Editor.csproj", "{1A263393-8A8A-1510-9106-0EF4A87F3ADB}"
EndProject
Project("{FAE04EC0-301F-11D3-BF4B-00C04F79EFBC}") = "Whatever.Editor", "Whatever.Editor.csproj", "{1A263393-8A8A-1510-9106-0EF4A87F3ADB}"
EndProject
Project("{FAE04EC0-301F-11D3-BF4B-00C04F79EFBC}") = "Whatever", "Whatever.csproj", "{11D8F9F8-1DB4-87E8-DFC6-52044A881390}"
EndProject
Project("{FAE04EC0-301F-11D3-BF4B-00C04F79EFBC}") = "Whatever.Editor", "Whatever.Editor.csproj", "{1A263393-8A8A-1510-9106-0EF4A87F3ADB}"
EndProject
Project("{FAE04EC0-301F-11D3-BF4B-00C04F79EFBC}") = "Whatever.Editor", "Whatever.Editor.csproj", "{1A263393-8A8A-1510-9106-0EF4A87F3ADB}"
EndProject
Project("{FAE04EC0-301F-11D3-BF4B-00C04F79EFBC}") = "Whatever.Editor", "Whatever.Editor.csproj", "{1A263393-8A8A-1510-9106-0EF4A87F3ADB}"
EndProject
Project("{FAE04EC0-301F-11D3-BF4B-00C04F79EFBC}") = "Whatever", "Whatever.csproj", "{11D8F9F8-1DB4-87E8-DFC6-52044A881390}"
EndProject
Project("{FAE04EC0-301F-11D3-BF4B-00C04F79EFBC}") = "Whatever", "Whatever.csproj", "{11D8F9F8-1DB4-87E8-DFC6-52044A881390}"
EndProject
Project("{FAE04EC0-301F-11D3-BF4B-00C04F79EFBC}") = "Whatever.Editor", "Whatever.Editor.csproj", "{1A263393-8A8A-1510-9106-0EF4A87F3ADB}"
EndProject
Project("{FAE04EC0-301F-11D3-BF4B-00C04F79EFBC}") = "Whatever.Editor", "Whatever.Editor.csproj", "{1A263393-8A8A-1510-9106-0EF4A87F3ADB}"
EndProject
Project("{FAE04EC0-301F-11D3-BF4B-00C04F79EFBC}") = "Whatever.Editor", "Whatever.Editor.csproj", "{1A263393-8A8A-1510-9106-0EF4A87F3ADB}"
EndProject
Project("{FAE04EC0-301F-11D3-BF4B-00C04F79EFBC}") = "Whatever.Editor", "Whatever.Editor.csproj", "{1A263393-8A8A-1510-9106-0EF4A87F3ADB}"
EndProject
Project("{FAE04EC0-301F-11D3-BF4B-00C04F79EFBC}") = "Whatever.Editor", "Whatever.Editor.csproj", "{1A263393-8A8A-1510-9106-0EF4A87F3ADB}"
EndProject
Global
	GlobalSection(SolutionConfigurationPlatforms) = preSolution
		Debug|Any CPU = Debug|Any CPU
		Release|Any CPU = Release|Any CPU
	EndGlobalSection
	GlobalSection(ProjectConfigurationPlatforms) = postSolution
		{11D8F9F8-1DB4-87E8-DFC6-52044A881390}.Debug|Any CPU.ActiveCfg = Debug|Any CPU
		{11D8F9F8-1DB4-87E8-DFC6-52044A881390}.Debug|Any CPU.Build.0 = Debug|Any CPU
		{11D8F9F8-1DB4-87E8-DFC6-52044A881390}.Release|Any CPU.ActiveCfg = Release|Any CPU
		{11D8F9F8-1DB4-87E8-DFC6-52044A881390}.Release|Any CPU.Build.0 = Release|Any CPU
		{11D8F9F8-1DB4-87E8-DFC6-52044A881390}.Debug|Any CPU.ActiveCfg = Debug|Any CPU
		{11D8F9F8-1DB4-87E8-DFC6-52044A881390}.Debug|Any CPU.Build.0 = Debug|Any CPU
		{11D8F9F8-1DB4-87E8-DFC6-52044A881390}.Release|Any CPU.ActiveCfg = Release|Any CPU
		{11D8F9F8-1DB4-87E8-DFC6-52044A881390}.Release|Any CPU.Build.0 = Release|Any CPU
		{11D8F9F8-1DB4-87E8-DFC6-52044A881390}.Debug|Any CPU.ActiveCfg = Debug|Any CPU
		{11D8F9F8-1DB4-87E8-DFC6-52044A881390}.Debug|Any CPU.Build.0 = Debug|Any CPU
		{11D8F9F8-1DB4-87E8-DFC6-52044A881390}.Release|Any CPU.ActiveCfg = Release|Any CPU
		{11D8F9F8-1DB4-87E8-DFC6-52044A881390}.Release|Any CPU.Build.0 = Release|Any CPU
		{11D8F9F8-1DB4-87E8-DFC6-52044A881390}.Debug|Any CPU.ActiveCfg = Debug|Any CPU
		{11D8F9F8-1DB4-87E8-DFC6-52044A881390}.Debug|Any CPU.Build.0 = Debug|Any CPU
		{11D8F9F8-1DB4-87E8-DFC6-52044A881390}.Release|Any CPU.ActiveCfg = Release|Any CPU
		{11D8F9F8-1DB4-87E8-DFC6-52044A881390}.Release|Any CPU.Build.0 = Release|Any CPU
		{11D8F9F8-1DB4-87E8-DFC6-52044A881390}.Debug|Any CPU.ActiveCfg = Debug|Any CPU
		{11D8F9F8-1DB4-87E8-DFC6-52044A881390}.Debug|Any CPU.Build.0 = Debug|Any CPU
		{11D8F9F8-1DB4-87E8-DFC6-52044A881390}.Release|Any CPU.ActiveCfg = Release|Any CPU
		{11D8F9F8-1DB4-87E8-DFC6-52044A881390}.Release|Any CPU.Build.0 = Release|Any CPU
		{11D8F9F8-1DB4-87E8-DFC6-52044A881390}.Debug|Any CPU.ActiveCfg = Debug|Any CPU
		{11D8F9F8-1DB4-87E8-DFC6-52044A881390}.Debug|Any CPU.Build.0 = Debug|Any CPU
		{11D8F9F8-1DB4-87E8-DFC6-52044A881390}.Release|Any CPU.ActiveCfg = Release|Any CPU
		{11D8F9F8-1DB4-87E8-DFC6-52044A881390}.Release|Any CPU.Build.0 = Release|Any CPU
		{11D8F9F8-1DB4-87E8-DFC6-52044A881390}.Debug|Any CPU.ActiveCfg = Debug|Any CPU
		{11D8F9F8-1DB4-87E8-DFC6-52044A881390}.Debug|Any CPU.Build.0 = Debug|Any CPU
		{11D8F9F8-1DB4-87E8-DFC6-52044A881390}.Release|Any CPU.ActiveCfg = Release|Any CPU
		{11D8F9F8-1DB4-87E8-DFC6-52044A881390}.Release|Any CPU.Build.0 = Release|Any CPU
		{11D8F9F8-1DB4-87E8-DFC6-52044A881390}.Debug|Any CPU.ActiveCfg = Debug|Any CPU
		{11D8F9F8-1DB4-87E8-DFC6-52044A881390}.Debug|Any CPU.Build.0 = Debug|Any CPU
		{11D8F9F8-1DB4-87E8-DFC6-52044A881390}.Release|Any CPU.ActiveCfg = Release|Any CPU
		{11D8F9F8-1DB4-87E8-DFC6-52044A881390}.Release|Any CPU.Build.0 = Release|Any CPU
		{11D8F9F8-1DB4-87E8-DFC6-52044A881390}.Debug|Any CPU.ActiveCfg = Debug|Any CPU
		{11D8F9F8-1DB4-87E8-DFC6-52044A881390}.Debug|Any CPU.Build.0 = Debug|Any CPU
		{11D8F9F8-1DB4-87E8-DFC6-52044A881390}.Release|Any CPU.ActiveCfg = Release|Any CPU
		{11D8F9F8-1DB4-87E8-DFC6-52044A881390}.Release|Any CPU.Build.0 = Release|Any CPU
		{11D8F9F8-1DB4-87E8-DFC6-52044A881390}.Debug|Any CPU.ActiveCfg = Debug|Any CPU
		{11D8F9F8-1DB4-87E8-DFC6-52044A881390}.Debug|Any CPU.Build.0 = Debug|Any CPU
		{11D8F9F8-1DB4-87E8-DFC6-52044A881390}.Release|Any CPU.ActiveCfg = Release|Any CPU
		{11D8F9F8-1DB4-87E8-DFC6-52044A881390}.Release|Any CPU.Build.0 = Release|Any CPU
		{11D8F9F8-1DB4-87E8-DFC6-52044A881390}.Debug|Any CPU.ActiveCfg = Debug|Any CPU
		{11D8F9F8-1DB4-87E8-DFC6-52044A881390}.Debug|Any CPU.Build.0 = Debug|Any CPU
		{11D8F9F8-1DB4-87E8-DFC6-52044A881390}.Release|Any CPU.ActiveCfg = Release|Any CPU
		{11D8F9F8-1DB4-87E8-DFC6-52044A881390}.Release|Any CPU.Build.0 = Release|Any CPU
		{11D8F9F8-1DB4-87E8-DFC6-52044A881390}.Debug|Any CPU.ActiveCfg = Debug|Any CPU
		{11D8F9F8-1DB4-87E8-DFC6-52044A881390}.Debug|Any CPU.Build.0 = Debug|Any CPU
		{11D8F9F8-1DB4-87E8-DFC6-52044A881390}.Release|Any CPU.ActiveCfg = Release|Any CPU
		{11D8F9F8-1DB4-87E8-DFC6-52044A881390}.Release|Any CPU.Build.0 = Release|Any CPU
		{11D8F9F8-1DB4-87E8-DFC6-52044A881390}.Debug|Any CPU.ActiveCfg = Debug|Any CPU
		{11D8F9F8-1DB4-87E8-DFC6-52044A881390}.Debug|Any CPU.Build.0 = Debug|Any CPU
		{11D8F9F8-1DB4-87E8-DFC6-52044A881390}.Release|Any CPU.ActiveCfg = Release|Any CPU
		{11D8F9F8-1DB4-87E8-DFC6-52044A881390}.Release|Any CPU.Build.0 = Release|Any CPU
		{11D8F9F8-1DB4-87E8-DFC6-52044A881390}.Debug|Any CPU.ActiveCfg = Debug|Any CPU
		{11D8F9F8-1DB4-87E8-DFC6-52044A881390}.Debug|Any CPU.Build.0 = Debug|Any CPU
		{11D8F9F8-1DB4-87E8-DFC6-52044A881390}.Release|Any CPU.ActiveCfg = Release|Any CPU
		{11D8F9F8-1DB4-87E8-DFC6-52044A881390}.Release|Any CPU.Build.0 = Release|Any CPU
		{11D8F9F8-1DB4-87E8-DFC6-52044A881390}.Debug|Any CPU.ActiveCfg = Debug|Any CPU
		{11D8F9F8-1DB4-87E8-DFC6-52044A881390}.Debug|Any CPU.Build.0 = Debug|Any CPU
		{11D8F9F8-1DB4-87E8-DFC6-52044A881390}.Release|Any CPU.ActiveCfg = Release|Any CPU
		{11D8F9F8-1DB4-87E8-DFC6-52044A881390}.Release|Any CPU.Build.0 = Release|Any CPU
		{11D8F9F8-1DB4-87E8-DFC6-52044A881390}.Debug|Any CPU.ActiveCfg = Debug|Any CPU
		{11D8F9F8-1DB4-87E8-DFC6-52044A881390}.Debug|Any CPU.Build.0 = Debug|Any CPU
		{11D8F9F8-1DB4-87E8-DFC6-52044A881390}.Release|Any CPU.ActiveCfg = Release|Any CPU
		{11D8F9F8-1DB4-87E8-DFC6-52044A881390}.Release|Any CPU.Build.0 = Release|Any CPU
		{11D8F9F8-1DB4-87E8-DFC6-52044A881390}.Debug|Any CPU.ActiveCfg = Debug|Any CPU
		{11D8F9F8-1DB4-87E8-DFC6-52044A881390}.Debug|Any CPU.Build.0 = Debug|Any CPU
		{11D8F9F8-1DB4-87E8-DFC6-52044A881390}.Release|Any CPU.ActiveCfg = Release|Any CPU
		{11D8F9F8-1DB4-87E8-DFC6-52044A881390}.Release|Any CPU.Build.0 = Release|Any CPU
		{11D8F9F8-1DB4-87E8-DFC6-52044A881390}.Debug|Any CPU.ActiveCfg = Debug|Any CPU
		{11D8F9F8-1DB4-87E8-DFC6-52044A881390}.Debug|Any CPU.Build.0 = Debug|Any CPU
		{11D8F9F8-1DB4-87E8-DFC6-52044A881390}.Release|Any CPU.ActiveCfg = Release|Any CPU
		{11D8F9F8-1DB4-87E8-DFC6-52044A881390}.Release|Any CPU.Build.0 = Release|Any CPU
		{1A263393-8A8A-1510-9106-0EF4A87F3ADB}.Debug|Any CPU.ActiveCfg = Debug|Any CPU
		{1A263393-8A8A-1510-9106-0EF4A87F3ADB}.Debug|Any CPU.Build.0 = Debug|Any CPU
		{1A263393-8A8A-1510-9106-0EF4A87F3ADB}.Release|Any CPU.ActiveCfg = Release|Any CPU
		{1A263393-8A8A-1510-9106-0EF4A87F3ADB}.Release|Any CPU.Build.0 = Release|Any CPU
		{1A263393-8A8A-1510-9106-0EF4A87F3ADB}.Debug|Any CPU.ActiveCfg = Debug|Any CPU
		{1A263393-8A8A-1510-9106-0EF4A87F3ADB}.Debug|Any CPU.Build.0 = Debug|Any CPU
		{1A263393-8A8A-1510-9106-0EF4A87F3ADB}.Release|Any CPU.ActiveCfg = Release|Any CPU
		{1A263393-8A8A-1510-9106-0EF4A87F3ADB}.Release|Any CPU.Build.0 = Release|Any CPU
		{1A263393-8A8A-1510-9106-0EF4A87F3ADB}.Debug|Any CPU.ActiveCfg = Debug|Any CPU
		{1A263393-8A8A-1510-9106-0EF4A87F3ADB}.Debug|Any CPU.Build.0 = Debug|Any CPU
		{1A263393-8A8A-1510-9106-0EF4A87F3ADB}.Release|Any CPU.ActiveCfg = Release|Any CPU
		{1A263393-8A8A-1510-9106-0EF4A87F3ADB}.Release|Any CPU.Build.0 = Release|Any CPU
		{11D8F9F8-1DB4-87E8-DFC6-52044A881390}.Debug|Any CPU.ActiveCfg = Debug|Any CPU
		{11D8F9F8-1DB4-87E8-DFC6-52044A881390}.Debug|Any CPU.Build.0 = Debug|Any CPU
		{11D8F9F8-1DB4-87E8-DFC6-52044A881390}.Release|Any CPU.ActiveCfg = Release|Any CPU
		{11D8F9F8-1DB4-87E8-DFC6-52044A881390}.Release|Any CPU.Build.0 = Release|Any CPU
		{1A263393-8A8A-1510-9106-0EF4A87F3ADB}.Debug|Any CPU.ActiveCfg = Debug|Any CPU
		{1A263393-8A8A-1510-9106-0EF4A87F3ADB}.Debug|Any CPU.Build.0 = Debug|Any CPU
		{1A263393-8A8A-1510-9106-0EF4A87F3ADB}.Release|Any CPU.ActiveCfg = Release|Any CPU
		{1A263393-8A8A-1510-9106-0EF4A87F3ADB}.Release|Any CPU.Build.0 = Release|Any CPU
		{1A263393-8A8A-1510-9106-0EF4A87F3ADB}.Debug|Any CPU.ActiveCfg = Debug|Any CPU
		{1A263393-8A8A-1510-9106-0EF4A87F3ADB}.Debug|Any CPU.Build.0 = Debug|Any CPU
		{1A263393-8A8A-1510-9106-0EF4A87F3ADB}.Release|Any CPU.ActiveCfg = Release|Any CPU
		{1A263393-8A8A-1510-9106-0EF4A87F3ADB}.Release|Any CPU.Build.0 = Release|Any CPU
		{1A263393-8A8A-1510-9106-0EF4A87F3ADB}.Debug|Any CPU.ActiveCfg = Debug|Any CPU
		{1A263393-8A8A-1510-9106-0EF4A87F3ADB}.Debug|Any CPU.Build.0 = Debug|Any CPU
		{1A263393-8A8A-1510-9106-0EF4A87F3ADB}.Release|Any CPU.ActiveCfg = Release|Any CPU
		{1A263393-8A8A-1510-9106-0EF4A87F3ADB}.Release|Any CPU.Build.0 = Release|Any CPU
		{11D8F9F8-1DB4-87E8-DFC6-52044A881390}.Debug|Any CPU.ActiveCfg = Debug|Any CPU
		{11D8F9F8-1DB4-87E8-DFC6-52044A881390}.Debug|Any CPU.Build.0 = Debug|Any CPU
		{11D8F9F8-1DB4-87E8-DFC6-52044A881390}.Release|Any CPU.ActiveCfg = Release|Any CPU
		{11D8F9F8-1DB4-87E8-DFC6-52044A881390}.Release|Any CPU.Build.0 = Release|Any CPU
		{11D8F9F8-1DB4-87E8-DFC6-52044A881390}.Debug|Any CPU.ActiveCfg = Debug|Any CPU
		{11D8F9F8-1DB4-87E8-DFC6-52044A881390}.Debug|Any CPU.Build.0 = Debug|Any CPU
		{11D8F9F8-1DB4-87E8-DFC6-52044A881390}.Release|Any CPU.ActiveCfg = Release|Any CPU
		{11D8F9F8-1DB4-87E8-DFC6-52044A881390}.Release|Any CPU.Build.0 = Release|Any CPU
		{1A263393-8A8A-1510-9106-0EF4A87F3ADB}.Debug|Any CPU.ActiveCfg = Debug|Any CPU
		{1A263393-8A8A-1510-9106-0EF4A87F3ADB}.Debug|Any CPU.Build.0 = Debug|Any CPU
		{1A263393-8A8A-1510-9106-0EF4A87F3ADB}.Release|Any CPU.ActiveCfg = Release|Any CPU
		{1A263393-8A8A-1510-9106-0EF4A87F3ADB}.Release|Any CPU.Build.0 = Release|Any CPU
		{1A263393-8A8A-1510-9106-0EF4A87F3ADB}.Debug|Any CPU.ActiveCfg = Debug|Any CPU
		{1A263393-8A8A-1510-9106-0EF4A87F3ADB}.Debug|Any CPU.Build.0 = Debug|Any CPU
		{1A263393-8A8A-1510-9106-0EF4A87F3ADB}.Release|Any CPU.ActiveCfg = Release|Any CPU
		{1A263393-8A8A-1510-9106-0EF4A87F3ADB}.Release|Any CPU.Build.0 = Release|Any CPU
		{1A263393-8A8A-1510-9106-0EF4A87F3ADB}.Debug|Any CPU.ActiveCfg = Debug|Any CPU
		{1A263393-8A8A-1510-9106-0EF4A87F3ADB}.Debug|Any CPU.Build.0 = Debug|Any CPU
		{1A263393-8A8A-1510-9106-0EF4A87F3ADB}.Release|Any CPU.ActiveCfg = Release|Any CPU
		{1A263393-8A8A-1510-9106-0EF4A87F3ADB}.Release|Any CPU.Build.0 = Release|Any CPU
		{1A263393-8A8A-1510-9106-0EF4A87F3ADB}.Debug|Any CPU.ActiveCfg = Debug|Any CPU
		{1A263393-8A8A-1510-9106-0EF4A87F3ADB}.Debug|Any CPU.Build.0 = Debug|Any CPU
		{1A263393-8A8A-1510-9106-0EF4A87F3ADB}.Release|Any CPU.ActiveCfg = Release|Any CPU
		{1A263393-8A8A-1510-9106-0EF4A87F3ADB}.Release|Any CPU.Build.0 = Release|Any CPU
		{1A263393-8A8A-1510-9106-0EF4A87F3ADB}.Debug|Any CPU.ActiveCfg = Debug|Any CPU
		{1A263393-8A8A-1510-9106-0EF4A87F3ADB}.Debug|Any CPU.Build.0 = Debug|Any CPU
		{1A263393-8A8A-1510-9106-0EF4A87F3ADB}.Release|Any CPU.ActiveCfg = Release|Any CPU
		{1A263393-8A8A-1510-9106-0EF4A87F3ADB}.Release|Any CPU.Build.0 = Release|Any CPU
	EndGlobalSection
	GlobalSection(SolutionProperties) = preSolution
		HideSolutionNode = FALSE
	EndGlobalSection
EndGlobal
